
Microsoft Visual Studio Solution File, Format Version 12.00
# Visual Studio Version 17
VisualStudioVersion = 17.3.32804.467
MinimumVisualStudioVersion = 10.0.40219.1
Project("{FAE04EC0-301F-11D3-BF4B-00C04F79EFBC}") = "WindowsFormsApp1", "WindowsFormsApp1\WindowsFormsApp1.csproj", "{0347D28A-94A7-4B7B-B9F2-610F917FEC12}"
EndProject
Global
	GlobalSection(SolutionConfigurationPlatforms) = preSolution
		Debug|Any CPU = Debug|Any CPU
		Release|Any CPU = Release|Any CPU
	EndGlobalSection
	GlobalSection(ProjectConfigurationPlatforms) = postSolution
		{0347D28A-94A7-4B7B-B9F2-610F917FEC12}.Debug|Any CPU.ActiveCfg = Debug|Any CPU
		{0347D28A-94A7-4B7B-B9F2-610F917FEC12}.Debug|Any CPU.Build.0 = Debug|Any CPU
		{0347D28A-94A7-4B7B-B9F2-610F917FEC12}.Release|Any CPU.ActiveCfg = Release|Any CPU
		{0347D28A-94A7-4B7B-B9F2-610F917FEC12}.Release|Any CPU.Build.0 = Release|Any CPU
	EndGlobalSection
	GlobalSection(SolutionProperties) = preSolution
		HideSolutionNode = FALSE
	EndGlobalSection
	GlobalSection(ExtensibilityGlobals) = postSolution
		SolutionGuid = {8121BA3A-9A8B-4FEA-92CE-02B3B84BAC99}
	EndGlobalSection
EndGlobal
